
Microsoft Visual Studio Solution File, Format Version 12.00
# Visual Studio 15
VisualStudioVersion = 15.0.28307.852
MinimumVisualStudioVersion = 10.0.40219.1
Project("{FAE04EC0-301F-11D3-BF4B-00C04F79EFBC}") = "PowerGeneratorStats", "PowerGeneratorStats\PowerGeneratorStats.csproj", "{276AE3B4-34E2-41C2-900A-7DEB0123CFA3}"
EndProject
Global
	GlobalSection(SolutionConfigurationPlatforms) = preSolution
		Debug|Any CPU = Debug|Any CPU
		Release|Any CPU = Release|Any CPU
	EndGlobalSection
	GlobalSection(ProjectConfigurationPlatforms) = postSolution
		{276AE3B4-34E2-41C2-900A-7DEB0123CFA3}.Debug|Any CPU.ActiveCfg = Debug|Any CPU
		{276AE3B4-34E2-41C2-900A-7DEB0123CFA3}.Debug|Any CPU.Build.0 = Debug|Any CPU
		{276AE3B4-34E2-41C2-900A-7DEB0123CFA3}.Release|Any CPU.ActiveCfg = Release|Any CPU
		{276AE3B4-34E2-41C2-900A-7DEB0123CFA3}.Release|Any CPU.Build.0 = Release|Any CPU
	EndGlobalSection
	GlobalSection(SolutionProperties) = preSolution
		HideSolutionNode = FALSE
	EndGlobalSection
	GlobalSection(ExtensibilityGlobals) = postSolution
		SolutionGuid = {A0C466BD-BFD9-4FB5-9AAC-45A161378BA4}
	EndGlobalSection
EndGlobal
